
Microsoft Visual Studio Solution File, Format Version 12.00
# Visual Studio 15
VisualStudioVersion = 15.0.26430.15
MinimumVisualStudioVersion = 10.0.40219.1
Project("{FAE04EC0-301F-11D3-BF4B-00C04F79EFBC}") = "WinForms_dz_08.05", "WinForms_dz_08.05\WinForms_dz_08.05.csproj", "{1779E3C1-A261-4370-B510-9677BA700E64}"
EndProject
Project("{FAE04EC0-301F-11D3-BF4B-00C04F79EFBC}") = "WinForms_dz2", "WinForms_dz2\WinForms_dz2.csproj", "{71E1AAA0-7DDE-4DFB-90F6-F2E7A7783C0B}"
EndProject
Global
	GlobalSection(SolutionConfigurationPlatforms) = preSolution
		Debug|Any CPU = Debug|Any CPU
		Release|Any CPU = Release|Any CPU
	EndGlobalSection
	GlobalSection(ProjectConfigurationPlatforms) = postSolution
		{1779E3C1-A261-4370-B510-9677BA700E64}.Debug|Any CPU.ActiveCfg = Debug|Any CPU
		{1779E3C1-A261-4370-B510-9677BA700E64}.Debug|Any CPU.Build.0 = Debug|Any CPU
		{1779E3C1-A261-4370-B510-9677BA700E64}.Release|Any CPU.ActiveCfg = Release|Any CPU
		{1779E3C1-A261-4370-B510-9677BA700E64}.Release|Any CPU.Build.0 = Release|Any CPU
		{71E1AAA0-7DDE-4DFB-90F6-F2E7A7783C0B}.Debug|Any CPU.ActiveCfg = Debug|Any CPU
		{71E1AAA0-7DDE-4DFB-90F6-F2E7A7783C0B}.Debug|Any CPU.Build.0 = Debug|Any CPU
		{71E1AAA0-7DDE-4DFB-90F6-F2E7A7783C0B}.Release|Any CPU.ActiveCfg = Release|Any CPU
		{71E1AAA0-7DDE-4DFB-90F6-F2E7A7783C0B}.Release|Any CPU.Build.0 = Release|Any CPU
	EndGlobalSection
	GlobalSection(SolutionProperties) = preSolution
		HideSolutionNode = FALSE
	EndGlobalSection
EndGlobal
